
Microsoft Visual Studio Solution File, Format Version 12.00
# Visual Studio Version 17
VisualStudioVersion = 17.9.34714.143
MinimumVisualStudioVersion = 10.0.40219.1
Project("{2150E333-8FDC-42A3-9474-1A3956D46DE8}") = "OrderService", "OrderService", "{64759F82-7661-4DBD-B74E-72BF413F88A2}"
EndProject
Project("{2150E333-8FDC-42A3-9474-1A3956D46DE8}") = "StockService", "StockService", "{C0A32A78-8110-41BF-AD04-3A4F3B7BB1E0}"
EndProject
Project("{2150E333-8FDC-42A3-9474-1A3956D46DE8}") = "PaymentService", "PaymentService", "{4665C8F2-6436-4D99-ABB5-467B072B2D72}"
EndProject
Project("{2150E333-8FDC-42A3-9474-1A3956D46DE8}") = "Core", "Core", "{1C8F3C16-0AAA-4082-A7AE-366DDE3BA662}"
EndProject
Project("{2150E333-8FDC-42A3-9474-1A3956D46DE8}") = "Infrastructure", "Infrastructure", "{4E9E4D03-BF93-4241-B260-6A00BF0B24EF}"
EndProject
Project("{2150E333-8FDC-42A3-9474-1A3956D46DE8}") = "Presentation", "Presentation", "{BFB45C68-D247-4C5B-9935-630CB94D73DA}"
EndProject
Project("{9A19103F-16F7-4668-BE54-9A1E7A4F7556}") = "OrderService.Application", "OrderService\Core\OrderService.Application\OrderService.Application.csproj", "{846A13C2-5FB0-4708-A695-43D42427206A}"
EndProject
Project("{9A19103F-16F7-4668-BE54-9A1E7A4F7556}") = "OrderService.Domain", "OrderService\Core\OrderService.Domain\OrderService.Domain.csproj", "{62859C64-598A-4B4F-BE2C-DDF1EE229C02}"
EndProject
Project("{9A19103F-16F7-4668-BE54-9A1E7A4F7556}") = "OrderService.Persistence", "OrderService\Infrastructure\OrderService.Persistence\OrderService.Persistence.csproj", "{01675B68-C1BC-424D-A8A7-8FC23D03B1B5}"
EndProject
Project("{9A19103F-16F7-4668-BE54-9A1E7A4F7556}") = "OrderService.Infrastructure", "OrderService\Infrastructure\OrderService.Infrastructure\OrderService.Infrastructure.csproj", "{EF02FD2A-ACDB-4041-B10D-F2D0CD6E4271}"
EndProject
Project("{9A19103F-16F7-4668-BE54-9A1E7A4F7556}") = "OrderService.API", "OrderService\Presentation\OrderService.API\OrderService.API.csproj", "{940846C6-DF00-46E7-B027-7FF2B2C12E12}"
EndProject
Project("{2150E333-8FDC-42A3-9474-1A3956D46DE8}") = "Core", "Core", "{3FB83161-B29C-4CBB-B727-DF1A13A9E843}"
EndProject
Project("{2150E333-8FDC-42A3-9474-1A3956D46DE8}") = "Infrastructure", "Infrastructure", "{30FD6AAF-7F72-41CF-9044-97B1DA35859A}"
EndProject
Project("{2150E333-8FDC-42A3-9474-1A3956D46DE8}") = "Presentation", "Presentation", "{F3287E9C-AE8C-4A9E-9243-F7B6C136B49A}"
EndProject
Project("{9A19103F-16F7-4668-BE54-9A1E7A4F7556}") = "PaymentService.Domain", "PaymentService\Core\PaymentService.Domain\PaymentService.Domain.csproj", "{62C384A1-9B80-4C06-BDC3-F79D80B946A0}"
EndProject
Project("{9A19103F-16F7-4668-BE54-9A1E7A4F7556}") = "PaymentService.Application", "PaymentService\Core\PaymentService.Application\PaymentService.Application.csproj", "{3C34552C-0EE3-499B-8701-D5F0FA65D111}"
EndProject
Project("{9A19103F-16F7-4668-BE54-9A1E7A4F7556}") = "PaymentService.Infrastructure", "PaymentService\Infrastructure\PaymentService.Infrastructure\PaymentService.Infrastructure.csproj", "{0F7683FF-FFB5-4698-BC7B-DCDCF77BF201}"
EndProject
Project("{9A19103F-16F7-4668-BE54-9A1E7A4F7556}") = "PaymentService.Persistence", "PaymentService\Infrastructure\PaymentService.Persistence\PaymentService.Persistence.csproj", "{0562BDF1-37C0-4F9C-8AA6-65E7475EC746}"
EndProject
Project("{9A19103F-16F7-4668-BE54-9A1E7A4F7556}") = "PaymentService.API", "PaymentService\Presentation\PaymentService.API\PaymentService.API.csproj", "{F2975E3A-DEA3-40CB-9CA6-A4BDCBFB08BB}"
EndProject
Project("{2150E333-8FDC-42A3-9474-1A3956D46DE8}") = "Core", "Core", "{68738C96-36FE-4FC4-ADBC-1E2DC3ECB4CD}"
EndProject
Project("{2150E333-8FDC-42A3-9474-1A3956D46DE8}") = "Infrastructure", "Infrastructure", "{BEE36335-5C19-42E9-A698-54F4B3383AE3}"
EndProject
Project("{2150E333-8FDC-42A3-9474-1A3956D46DE8}") = "Presentation", "Presentation", "{B1CA1C18-6999-4B96-A571-417ACC45DD28}"
EndProject
Project("{9A19103F-16F7-4668-BE54-9A1E7A4F7556}") = "StockService.Domain", "StockService\Core\StockService.Domain\StockService.Domain.csproj", "{D3DF12DF-7526-407A-A730-38E48A5C45BA}"
EndProject
Project("{9A19103F-16F7-4668-BE54-9A1E7A4F7556}") = "StockService.Application", "StockService\Core\StockService.Application\StockService.Application.csproj", "{4FAA5E54-6A2E-4AC8-AECA-6C66BA3A53A6}"
EndProject
Project("{9A19103F-16F7-4668-BE54-9A1E7A4F7556}") = "StockService.Infrastructure", "StockService\Infrastructure\StockService.Infrastructure\StockService.Infrastructure.csproj", "{B2E1F47C-645E-48CF-8252-C754A189CB0D}"
EndProject
Project("{9A19103F-16F7-4668-BE54-9A1E7A4F7556}") = "StockService.Persistence", "StockService\Infrastructure\StockService.Persistence\StockService.Persistence.csproj", "{32F08454-10CD-4545-8489-54557862A297}"
EndProject
Project("{9A19103F-16F7-4668-BE54-9A1E7A4F7556}") = "StockService.API", "StockService\Presentation\StockService.API\StockService.API.csproj", "{4D404AC9-5F8D-4695-AE0A-DED00A41BDAB}"
EndProject
Project("{9A19103F-16F7-4668-BE54-9A1E7A4F7556}") = "CrossCutting", "CrossCutting\CrossCutting.csproj", "{B79B16AB-BE21-43BA-B9DF-A454BE4C3CDE}"
EndProject
Global
	GlobalSection(SolutionConfigurationPlatforms) = preSolution
		Debug|Any CPU = Debug|Any CPU
		Release|Any CPU = Release|Any CPU
	EndGlobalSection
	GlobalSection(ProjectConfigurationPlatforms) = postSolution
		{846A13C2-5FB0-4708-A695-43D42427206A}.Debug|Any CPU.ActiveCfg = Debug|Any CPU
		{846A13C2-5FB0-4708-A695-43D42427206A}.Debug|Any CPU.Build.0 = Debug|Any CPU
		{846A13C2-5FB0-4708-A695-43D42427206A}.Release|Any CPU.ActiveCfg = Release|Any CPU
		{846A13C2-5FB0-4708-A695-43D42427206A}.Release|Any CPU.Build.0 = Release|Any CPU
		{62859C64-598A-4B4F-BE2C-DDF1EE229C02}.Debug|Any CPU.ActiveCfg = Debug|Any CPU
		{62859C64-598A-4B4F-BE2C-DDF1EE229C02}.Debug|Any CPU.Build.0 = Debug|Any CPU
		{62859C64-598A-4B4F-BE2C-DDF1EE229C02}.Release|Any CPU.ActiveCfg = Release|Any CPU
		{62859C64-598A-4B4F-BE2C-DDF1EE229C02}.Release|Any CPU.Build.0 = Release|Any CPU
		{01675B68-C1BC-424D-A8A7-8FC23D03B1B5}.Debug|Any CPU.ActiveCfg = Debug|Any CPU
		{01675B68-C1BC-424D-A8A7-8FC23D03B1B5}.Debug|Any CPU.Build.0 = Debug|Any CPU
		{01675B68-C1BC-424D-A8A7-8FC23D03B1B5}.Release|Any CPU.ActiveCfg = Release|Any CPU
		{01675B68-C1BC-424D-A8A7-8FC23D03B1B5}.Release|Any CPU.Build.0 = Release|Any CPU
		{EF02FD2A-ACDB-4041-B10D-F2D0CD6E4271}.Debug|Any CPU.ActiveCfg = Debug|Any CPU
		{EF02FD2A-ACDB-4041-B10D-F2D0CD6E4271}.Debug|Any CPU.Build.0 = Debug|Any CPU
		{EF02FD2A-ACDB-4041-B10D-F2D0CD6E4271}.Release|Any CPU.ActiveCfg = Release|Any CPU
		{EF02FD2A-ACDB-4041-B10D-F2D0CD6E4271}.Release|Any CPU.Build.0 = Release|Any CPU
		{940846C6-DF00-46E7-B027-7FF2B2C12E12}.Debug|Any CPU.ActiveCfg = Debug|Any CPU
		{940846C6-DF00-46E7-B027-7FF2B2C12E12}.Debug|Any CPU.Build.0 = Debug|Any CPU
		{940846C6-DF00-46E7-B027-7FF2B2C12E12}.Release|Any CPU.ActiveCfg = Release|Any CPU
		{940846C6-DF00-46E7-B027-7FF2B2C12E12}.Release|Any CPU.Build.0 = Release|Any CPU
		{62C384A1-9B80-4C06-BDC3-F79D80B946A0}.Debug|Any CPU.ActiveCfg = Debug|Any CPU
		{62C384A1-9B80-4C06-BDC3-F79D80B946A0}.Debug|Any CPU.Build.0 = Debug|Any CPU
		{62C384A1-9B80-4C06-BDC3-F79D80B946A0}.Release|Any CPU.ActiveCfg = Release|Any CPU
		{62C384A1-9B80-4C06-BDC3-F79D80B946A0}.Release|Any CPU.Build.0 = Release|Any CPU
		{3C34552C-0EE3-499B-8701-D5F0FA65D111}.Debug|Any CPU.ActiveCfg = Debug|Any CPU
		{3C34552C-0EE3-499B-8701-D5F0FA65D111}.Debug|Any CPU.Build.0 = Debug|Any CPU
		{3C34552C-0EE3-499B-8701-D5F0FA65D111}.Release|Any CPU.ActiveCfg = Release|Any CPU
		{3C34552C-0EE3-499B-8701-D5F0FA65D111}.Release|Any CPU.Build.0 = Release|Any CPU
		{0F7683FF-FFB5-4698-BC7B-DCDCF77BF201}.Debug|Any CPU.ActiveCfg = Debug|Any CPU
		{0F7683FF-FFB5-4698-BC7B-DCDCF77BF201}.Debug|Any CPU.Build.0 = Debug|Any CPU
		{0F7683FF-FFB5-4698-BC7B-DCDCF77BF201}.Release|Any CPU.ActiveCfg = Release|Any CPU
		{0F7683FF-FFB5-4698-BC7B-DCDCF77BF201}.Release|Any CPU.Build.0 = Release|Any CPU
		{0562BDF1-37C0-4F9C-8AA6-65E7475EC746}.Debug|Any CPU.ActiveCfg = Debug|Any CPU
		{0562BDF1-37C0-4F9C-8AA6-65E7475EC746}.Debug|Any CPU.Build.0 = Debug|Any CPU
		{0562BDF1-37C0-4F9C-8AA6-65E7475EC746}.Release|Any CPU.ActiveCfg = Release|Any CPU
		{0562BDF1-37C0-4F9C-8AA6-65E7475EC746}.Release|Any CPU.Build.0 = Release|Any CPU
		{F2975E3A-DEA3-40CB-9CA6-A4BDCBFB08BB}.Debug|Any CPU.ActiveCfg = Debug|Any CPU
		{F2975E3A-DEA3-40CB-9CA6-A4BDCBFB08BB}.Debug|Any CPU.Build.0 = Debug|Any CPU
		{F2975E3A-DEA3-40CB-9CA6-A4BDCBFB08BB}.Release|Any CPU.ActiveCfg = Release|Any CPU
		{F2975E3A-DEA3-40CB-9CA6-A4BDCBFB08BB}.Release|Any CPU.Build.0 = Release|Any CPU
		{D3DF12DF-7526-407A-A730-38E48A5C45BA}.Debug|Any CPU.ActiveCfg = Debug|Any CPU
		{D3DF12DF-7526-407A-A730-38E48A5C45BA}.Debug|Any CPU.Build.0 = Debug|Any CPU
		{D3DF12DF-7526-407A-A730-38E48A5C45BA}.Release|Any CPU.ActiveCfg = Release|Any CPU
		{D3DF12DF-7526-407A-A730-38E48A5C45BA}.Release|Any CPU.Build.0 = Release|Any CPU
		{4FAA5E54-6A2E-4AC8-AECA-6C66BA3A53A6}.Debug|Any CPU.ActiveCfg = Debug|Any CPU
		{4FAA5E54-6A2E-4AC8-AECA-6C66BA3A53A6}.Debug|Any CPU.Build.0 = Debug|Any CPU
		{4FAA5E54-6A2E-4AC8-AECA-6C66BA3A53A6}.Release|Any CPU.ActiveCfg = Release|Any CPU
		{4FAA5E54-6A2E-4AC8-AECA-6C66BA3A53A6}.Release|Any CPU.Build.0 = Release|Any CPU
		{B2E1F47C-645E-48CF-8252-C754A189CB0D}.Debug|Any CPU.ActiveCfg = Debug|Any CPU
		{B2E1F47C-645E-48CF-8252-C754A189CB0D}.Debug|Any CPU.Build.0 = Debug|Any CPU
		{B2E1F47C-645E-48CF-8252-C754A189CB0D}.Release|Any CPU.ActiveCfg = Release|Any CPU
		{B2E1F47C-645E-48CF-8252-C754A189CB0D}.Release|Any CPU.Build.0 = Release|Any CPU
		{32F08454-10CD-4545-8489-54557862A297}.Debug|Any CPU.ActiveCfg = Debug|Any CPU
		{32F08454-10CD-4545-8489-54557862A297}.Debug|Any CPU.Build.0 = Debug|Any CPU
		{32F08454-10CD-4545-8489-54557862A297}.Release|Any CPU.ActiveCfg = Release|Any CPU
		{32F08454-10CD-4545-8489-54557862A297}.Release|Any CPU.Build.0 = Release|Any CPU
		{4D404AC9-5F8D-4695-AE0A-DED00A41BDAB}.Debug|Any CPU.ActiveCfg = Debug|Any CPU
		{4D404AC9-5F8D-4695-AE0A-DED00A41BDAB}.Debug|Any CPU.Build.0 = Debug|Any CPU
		{4D404AC9-5F8D-4695-AE0A-DED00A41BDAB}.Release|Any CPU.ActiveCfg = Release|Any CPU
		{4D404AC9-5F8D-4695-AE0A-DED00A41BDAB}.Release|Any CPU.Build.0 = Release|Any CPU
		{B79B16AB-BE21-43BA-B9DF-A454BE4C3CDE}.Debug|Any CPU.ActiveCfg = Debug|Any CPU
		{B79B16AB-BE21-43BA-B9DF-A454BE4C3CDE}.Debug|Any CPU.Build.0 = Debug|Any CPU
		{B79B16AB-BE21-43BA-B9DF-A454BE4C3CDE}.Release|Any CPU.ActiveCfg = Release|Any CPU
		{B79B16AB-BE21-43BA-B9DF-A454BE4C3CDE}.Release|Any CPU.Build.0 = Release|Any CPU
	EndGlobalSection
	GlobalSection(SolutionProperties) = preSolution
		HideSolutionNode = FALSE
	EndGlobalSection
	GlobalSection(NestedProjects) = preSolution
		{1C8F3C16-0AAA-4082-A7AE-366DDE3BA662} = {64759F82-7661-4DBD-B74E-72BF413F88A2}
		{4E9E4D03-BF93-4241-B260-6A00BF0B24EF} = {64759F82-7661-4DBD-B74E-72BF413F88A2}
		{BFB45C68-D247-4C5B-9935-630CB94D73DA} = {64759F82-7661-4DBD-B74E-72BF413F88A2}
		{846A13C2-5FB0-4708-A695-43D42427206A} = {1C8F3C16-0AAA-4082-A7AE-366DDE3BA662}
		{62859C64-598A-4B4F-BE2C-DDF1EE229C02} = {1C8F3C16-0AAA-4082-A7AE-366DDE3BA662}
		{01675B68-C1BC-424D-A8A7-8FC23D03B1B5} = {4E9E4D03-BF93-4241-B260-6A00BF0B24EF}
		{EF02FD2A-ACDB-4041-B10D-F2D0CD6E4271} = {4E9E4D03-BF93-4241-B260-6A00BF0B24EF}
		{940846C6-DF00-46E7-B027-7FF2B2C12E12} = {BFB45C68-D247-4C5B-9935-630CB94D73DA}
		{3FB83161-B29C-4CBB-B727-DF1A13A9E843} = {4665C8F2-6436-4D99-ABB5-467B072B2D72}
		{30FD6AAF-7F72-41CF-9044-97B1DA35859A} = {4665C8F2-6436-4D99-ABB5-467B072B2D72}
		{F3287E9C-AE8C-4A9E-9243-F7B6C136B49A} = {4665C8F2-6436-4D99-ABB5-467B072B2D72}
		{62C384A1-9B80-4C06-BDC3-F79D80B946A0} = {3FB83161-B29C-4CBB-B727-DF1A13A9E843}
		{3C34552C-0EE3-499B-8701-D5F0FA65D111} = {3FB83161-B29C-4CBB-B727-DF1A13A9E843}
		{0F7683FF-FFB5-4698-BC7B-DCDCF77BF201} = {30FD6AAF-7F72-41CF-9044-97B1DA35859A}
		{0562BDF1-37C0-4F9C-8AA6-65E7475EC746} = {30FD6AAF-7F72-41CF-9044-97B1DA35859A}
		{F2975E3A-DEA3-40CB-9CA6-A4BDCBFB08BB} = {F3287E9C-AE8C-4A9E-9243-F7B6C136B49A}
		{68738C96-36FE-4FC4-ADBC-1E2DC3ECB4CD} = {C0A32A78-8110-41BF-AD04-3A4F3B7BB1E0}
		{BEE36335-5C19-42E9-A698-54F4B3383AE3} = {C0A32A78-8110-41BF-AD04-3A4F3B7BB1E0}
		{B1CA1C18-6999-4B96-A571-417ACC45DD28} = {C0A32A78-8110-41BF-AD04-3A4F3B7BB1E0}
		{D3DF12DF-7526-407A-A730-38E48A5C45BA} = {68738C96-36FE-4FC4-ADBC-1E2DC3ECB4CD}
		{4FAA5E54-6A2E-4AC8-AECA-6C66BA3A53A6} = {68738C96-36FE-4FC4-ADBC-1E2DC3ECB4CD}
		{B2E1F47C-645E-48CF-8252-C754A189CB0D} = {BEE36335-5C19-42E9-A698-54F4B3383AE3}
		{32F08454-10CD-4545-8489-54557862A297} = {BEE36335-5C19-42E9-A698-54F4B3383AE3}
		{4D404AC9-5F8D-4695-AE0A-DED00A41BDAB} = {B1CA1C18-6999-4B96-A571-417ACC45DD28}
	EndGlobalSection
	GlobalSection(ExtensibilityGlobals) = postSolution
		SolutionGuid = {41208A36-0717-468F-B527-8127465353DC}
	EndGlobalSection
EndGlobal
